<Solution>
  <Folder Name="/Docs/">
    <File Path="Docs/DER eCommerce.drawio" />
    <File Path="Docs/DER eCommerce.png" />
    <File Path="Docs/eCommerce_DB.sql" />
    <File Path="Docs/LimpiezaRoles_ActualizarDB.sql" />
    <File Path="Docs/ModeloDominio.md" />
    <File Path="Docs/EtapasTPI.md" />
  </Folder>
  <Project Path="eCommerce.Datos/eCommerce.Datos.csproj" Id="9f48e822-1388-4da2-a6f7-cfd905d61e3c" />
  <Project Path="eCommerce.Dominio/eCommerce.Dominio.csproj" Id="70e010bb-ab87-493f-bb7f-38aac6aba790" />
  <Project Path="eCommerce.Negocio/eCommerce.Negocio.csproj" Id="bfa91a43-bf70-4316-99c2-149a7320cc08" />
  <Project Path="eCommerce.Web/eCommerce.Web.csproj" Id="9f8d22ab-65fa-4242-8555-e9f8758f0df6" />
</Solution>
